
Microsoft Visual Studio Solution File, Format Version 12.00
# Visual Studio Version 17
VisualStudioVersion = 17.0.31919.166
MinimumVisualStudioVersion = 10.0.40219.1
Project("{FAE04EC0-301F-11D3-BF4B-00C04F79EFBC}") = "Squares", "Squares.csproj", "{D4B12635-B536-47AC-AF46-1B40DBBDDB15}"
EndProject
Global
	GlobalSection(SolutionConfigurationPlatforms) = preSolution
		Debug|Any CPU = Debug|Any CPU
		Release|Any CPU = Release|Any CPU
	EndGlobalSection
	GlobalSection(ProjectConfigurationPlatforms) = postSolution
		{D4B12635-B536-47AC-AF46-1B40DBBDDB15}.Debug|Any CPU.ActiveCfg = Debug|Any CPU
		{D4B12635-B536-47AC-AF46-1B40DBBDDB15}.Debug|Any CPU.Build.0 = Debug|Any CPU
		{D4B12635-B536-47AC-AF46-1B40DBBDDB15}.Release|Any CPU.ActiveCfg = Release|Any CPU
		{D4B12635-B536-47AC-AF46-1B40DBBDDB15}.Release|Any CPU.Build.0 = Release|Any CPU
	EndGlobalSection
	GlobalSection(SolutionProperties) = preSolution
		HideSolutionNode = FALSE
	EndGlobalSection
	GlobalSection(ExtensibilityGlobals) = postSolution
		SolutionGuid = {00CD62B7-33B8-487E-898A-6A899341F326}
	EndGlobalSection
EndGlobal
